
Microsoft Visual Studio Solution File, Format Version 11.00
# Visual Studio 2010
Project("{FAE04EC0-301F-11D3-BF4B-00C04F79EFBC}") = "MyXLLAddin1", "MyXLLAddin1\MyXLLAddin1.csproj", "{D7965E2C-F218-4145-8D16-5AB361E5B155}"
EndProject
Global
	GlobalSection(SolutionConfigurationPlatforms) = preSolution
		Debug|Any CPU = Debug|Any CPU
		Release|Any CPU = Release|Any CPU
	EndGlobalSection
	GlobalSection(ProjectConfigurationPlatforms) = postSolution
		{D7965E2C-F218-4145-8D16-5AB361E5B155}.Debug|Any CPU.ActiveCfg = Debug|Any CPU
		{D7965E2C-F218-4145-8D16-5AB361E5B155}.Debug|Any CPU.Build.0 = Debug|Any CPU
		{D7965E2C-F218-4145-8D16-5AB361E5B155}.Release|Any CPU.ActiveCfg = Release|Any CPU
		{D7965E2C-F218-4145-8D16-5AB361E5B155}.Release|Any CPU.Build.0 = Release|Any CPU
	EndGlobalSection
	GlobalSection(SolutionProperties) = preSolution
		HideSolutionNode = FALSE
	EndGlobalSection
EndGlobal
