
Microsoft Visual Studio Solution File, Format Version 11.00
# Visual Studio 2010
Project("{FAE04EC0-301F-11D3-BF4B-00C04F79EFBC}") = "HelloWorld", "HelloWorld\HelloWorld.csproj", "{8853E1B8-3FEA-4121-84D0-41216F84DB9A}"
EndProject
Global
	GlobalSection(SolutionConfigurationPlatforms) = preSolution
		Debug|Any CPU = Debug|Any CPU
		Release|Any CPU = Release|Any CPU
	EndGlobalSection
	GlobalSection(ProjectConfigurationPlatforms) = postSolution
		{8853E1B8-3FEA-4121-84D0-41216F84DB9A}.Debug|Any CPU.ActiveCfg = Debug|Any CPU
		{8853E1B8-3FEA-4121-84D0-41216F84DB9A}.Debug|Any CPU.Build.0 = Debug|Any CPU
		{8853E1B8-3FEA-4121-84D0-41216F84DB9A}.Release|Any CPU.ActiveCfg = Release|Any CPU
		{8853E1B8-3FEA-4121-84D0-41216F84DB9A}.Release|Any CPU.Build.0 = Release|Any CPU
	EndGlobalSection
	GlobalSection(SolutionProperties) = preSolution
		HideSolutionNode = FALSE
	EndGlobalSection
EndGlobal
